
Microsoft Visual Studio Solution File, Format Version 12.00
# Visual Studio Version 17
VisualStudioVersion = 17.0.31903.59
MinimumVisualStudioVersion = 10.0.40219.1
Project("{2150E333-8FDC-42A3-9474-1A3956D46DE8}") = "src", "src", "{EC57FE55-0A24-4614-971C-9F3FF989703F}"
EndProject
Project("{FAE04EC0-301F-11D3-BF4B-00C04F79EFBC}") = "USP.API", "src\USP.API\USP.API.csproj", "{493983F6-26C5-48D6-827A-08E895A09FC2}"
EndProject
Project("{FAE04EC0-301F-11D3-BF4B-00C04F79EFBC}") = "USP.Core", "src\USP.Core\USP.Core.csproj", "{5B10FA14-B529-40E2-A01E-DFE6F06AC8F2}"
EndProject
Project("{FAE04EC0-301F-11D3-BF4B-00C04F79EFBC}") = "USP.Infrastructure", "src\USP.Infrastructure\USP.Infrastructure.csproj", "{14830D8F-0301-40AB-BDC8-0D128E7D2F93}"
EndProject
Project("{FAE04EC0-301F-11D3-BF4B-00C04F79EFBC}") = "USP.Shared", "src\USP.Shared\USP.Shared.csproj", "{72ADF33C-F2EA-492D-A038-C1A6789A3077}"
EndProject
Project("{2150E333-8FDC-42A3-9474-1A3956D46DE8}") = "tests", "tests", "{844DCF51-1405-4BF8-8DE0-DCC291ACCB83}"
EndProject
Project("{FAE04EC0-301F-11D3-BF4B-00C04F79EFBC}") = "USP.UnitTests", "tests\USP.UnitTests\USP.UnitTests.csproj", "{7F634C16-DEE5-47EE-800B-89D797CB282B}"
EndProject
Project("{FAE04EC0-301F-11D3-BF4B-00C04F79EFBC}") = "USP.IntegrationTests", "tests\USP.IntegrationTests\USP.IntegrationTests.csproj", "{E6927EE4-C913-4116-A8B6-D50646628624}"
EndProject
Project("{FAE04EC0-301F-11D3-BF4B-00C04F79EFBC}") = "USP.E2ETests", "tests\USP.E2ETests\USP.E2ETests.csproj", "{C92E6569-51D1-4002-A427-837F1408C2A3}"
EndProject
Global
	GlobalSection(SolutionConfigurationPlatforms) = preSolution
		Debug|Any CPU = Debug|Any CPU
		Release|Any CPU = Release|Any CPU
	EndGlobalSection
	GlobalSection(SolutionProperties) = preSolution
		HideSolutionNode = FALSE
	EndGlobalSection
	GlobalSection(ProjectConfigurationPlatforms) = postSolution
		{493983F6-26C5-48D6-827A-08E895A09FC2}.Debug|Any CPU.ActiveCfg = Debug|Any CPU
		{493983F6-26C5-48D6-827A-08E895A09FC2}.Debug|Any CPU.Build.0 = Debug|Any CPU
		{493983F6-26C5-48D6-827A-08E895A09FC2}.Release|Any CPU.ActiveCfg = Release|Any CPU
		{493983F6-26C5-48D6-827A-08E895A09FC2}.Release|Any CPU.Build.0 = Release|Any CPU
		{5B10FA14-B529-40E2-A01E-DFE6F06AC8F2}.Debug|Any CPU.ActiveCfg = Debug|Any CPU
		{5B10FA14-B529-40E2-A01E-DFE6F06AC8F2}.Debug|Any CPU.Build.0 = Debug|Any CPU
		{5B10FA14-B529-40E2-A01E-DFE6F06AC8F2}.Release|Any CPU.ActiveCfg = Release|Any CPU
		{5B10FA14-B529-40E2-A01E-DFE6F06AC8F2}.Release|Any CPU.Build.0 = Release|Any CPU
		{14830D8F-0301-40AB-BDC8-0D128E7D2F93}.Debug|Any CPU.ActiveCfg = Debug|Any CPU
		{14830D8F-0301-40AB-BDC8-0D128E7D2F93}.Debug|Any CPU.Build.0 = Debug|Any CPU
		{14830D8F-0301-40AB-BDC8-0D128E7D2F93}.Release|Any CPU.ActiveCfg = Release|Any CPU
		{14830D8F-0301-40AB-BDC8-0D128E7D2F93}.Release|Any CPU.Build.0 = Release|Any CPU
		{72ADF33C-F2EA-492D-A038-C1A6789A3077}.Debug|Any CPU.ActiveCfg = Debug|Any CPU
		{72ADF33C-F2EA-492D-A038-C1A6789A3077}.Debug|Any CPU.Build.0 = Debug|Any CPU
		{72ADF33C-F2EA-492D-A038-C1A6789A3077}.Release|Any CPU.ActiveCfg = Release|Any CPU
		{72ADF33C-F2EA-492D-A038-C1A6789A3077}.Release|Any CPU.Build.0 = Release|Any CPU
		{7F634C16-DEE5-47EE-800B-89D797CB282B}.Debug|Any CPU.ActiveCfg = Debug|Any CPU
		{7F634C16-DEE5-47EE-800B-89D797CB282B}.Debug|Any CPU.Build.0 = Debug|Any CPU
		{7F634C16-DEE5-47EE-800B-89D797CB282B}.Release|Any CPU.ActiveCfg = Release|Any CPU
		{7F634C16-DEE5-47EE-800B-89D797CB282B}.Release|Any CPU.Build.0 = Release|Any CPU
		{E6927EE4-C913-4116-A8B6-D50646628624}.Debug|Any CPU.ActiveCfg = Debug|Any CPU
		{E6927EE4-C913-4116-A8B6-D50646628624}.Debug|Any CPU.Build.0 = Debug|Any CPU
		{E6927EE4-C913-4116-A8B6-D50646628624}.Release|Any CPU.ActiveCfg = Release|Any CPU
		{E6927EE4-C913-4116-A8B6-D50646628624}.Release|Any CPU.Build.0 = Release|Any CPU
		{C92E6569-51D1-4002-A427-837F1408C2A3}.Debug|Any CPU.ActiveCfg = Debug|Any CPU
		{C92E6569-51D1-4002-A427-837F1408C2A3}.Debug|Any CPU.Build.0 = Debug|Any CPU
		{C92E6569-51D1-4002-A427-837F1408C2A3}.Release|Any CPU.ActiveCfg = Release|Any CPU
		{C92E6569-51D1-4002-A427-837F1408C2A3}.Release|Any CPU.Build.0 = Release|Any CPU
	EndGlobalSection
	GlobalSection(NestedProjects) = preSolution
		{493983F6-26C5-48D6-827A-08E895A09FC2} = {EC57FE55-0A24-4614-971C-9F3FF989703F}
		{5B10FA14-B529-40E2-A01E-DFE6F06AC8F2} = {EC57FE55-0A24-4614-971C-9F3FF989703F}
		{14830D8F-0301-40AB-BDC8-0D128E7D2F93} = {EC57FE55-0A24-4614-971C-9F3FF989703F}
		{72ADF33C-F2EA-492D-A038-C1A6789A3077} = {EC57FE55-0A24-4614-971C-9F3FF989703F}
		{7F634C16-DEE5-47EE-800B-89D797CB282B} = {844DCF51-1405-4BF8-8DE0-DCC291ACCB83}
		{E6927EE4-C913-4116-A8B6-D50646628624} = {844DCF51-1405-4BF8-8DE0-DCC291ACCB83}
		{C92E6569-51D1-4002-A427-837F1408C2A3} = {844DCF51-1405-4BF8-8DE0-DCC291ACCB83}
	EndGlobalSection
EndGlobal
