
Microsoft Visual Studio Solution File, Format Version 12.00
# Visual Studio Version 17
VisualStudioVersion = 17.0.31903.59
MinimumVisualStudioVersion = 10.0.40219.1
Project("{2150E333-8FDC-42A3-9474-1A3956D46DE8}") = "src", "src", "{BD5A689D-9CB2-4B7F-86AC-34199155A249}"
EndProject
Project("{FAE04EC0-301F-11D3-BF4B-00C04F79EFBC}") = "USP.Api", "src\USP.Api\USP.Api.csproj", "{2CFC9B25-8392-41A0-AD25-B346D8C26032}"
EndProject
Project("{FAE04EC0-301F-11D3-BF4B-00C04F79EFBC}") = "USP.Core", "src\USP.Core\USP.Core.csproj", "{39BB603F-85FA-4ED7-BD0D-19CC3A108CB6}"
EndProject
Project("{FAE04EC0-301F-11D3-BF4B-00C04F79EFBC}") = "USP.Infrastructure", "src\USP.Infrastructure\USP.Infrastructure.csproj", "{FECEE777-A2F1-4E92-A609-60AB6F6F24EB}"
EndProject
Project("{FAE04EC0-301F-11D3-BF4B-00C04F79EFBC}") = "USP.Shared", "src\USP.Shared\USP.Shared.csproj", "{5F7FDCFC-671F-4594-8098-3BA1396BE0B0}"
EndProject
Project("{2150E333-8FDC-42A3-9474-1A3956D46DE8}") = "tests", "tests", "{6CF5C672-7C7C-465B-8283-D574F7B24D1F}"
EndProject
Project("{FAE04EC0-301F-11D3-BF4B-00C04F79EFBC}") = "USP.UnitTests", "tests\USP.UnitTests\USP.UnitTests.csproj", "{4D56023F-EBD6-4D91-BED7-9018F7E9370A}"
EndProject
Project("{FAE04EC0-301F-11D3-BF4B-00C04F79EFBC}") = "USP.IntegrationTests", "tests\USP.IntegrationTests\USP.IntegrationTests.csproj", "{4FC8338E-70A9-4145-926B-9F8486FC7948}"
EndProject
Project("{FAE04EC0-301F-11D3-BF4B-00C04F79EFBC}") = "USP.E2ETests", "tests\USP.E2ETests\USP.E2ETests.csproj", "{632C7DA8-B799-4D6F-9506-2C132BB5D10C}"
EndProject
Global
	GlobalSection(SolutionConfigurationPlatforms) = preSolution
		Debug|Any CPU = Debug|Any CPU
		Release|Any CPU = Release|Any CPU
	EndGlobalSection
	GlobalSection(SolutionProperties) = preSolution
		HideSolutionNode = FALSE
	EndGlobalSection
	GlobalSection(ProjectConfigurationPlatforms) = postSolution
		{2CFC9B25-8392-41A0-AD25-B346D8C26032}.Debug|Any CPU.ActiveCfg = Debug|Any CPU
		{2CFC9B25-8392-41A0-AD25-B346D8C26032}.Debug|Any CPU.Build.0 = Debug|Any CPU
		{2CFC9B25-8392-41A0-AD25-B346D8C26032}.Release|Any CPU.ActiveCfg = Release|Any CPU
		{2CFC9B25-8392-41A0-AD25-B346D8C26032}.Release|Any CPU.Build.0 = Release|Any CPU
		{39BB603F-85FA-4ED7-BD0D-19CC3A108CB6}.Debug|Any CPU.ActiveCfg = Debug|Any CPU
		{39BB603F-85FA-4ED7-BD0D-19CC3A108CB6}.Debug|Any CPU.Build.0 = Debug|Any CPU
		{39BB603F-85FA-4ED7-BD0D-19CC3A108CB6}.Release|Any CPU.ActiveCfg = Release|Any CPU
		{39BB603F-85FA-4ED7-BD0D-19CC3A108CB6}.Release|Any CPU.Build.0 = Release|Any CPU
		{FECEE777-A2F1-4E92-A609-60AB6F6F24EB}.Debug|Any CPU.ActiveCfg = Debug|Any CPU
		{FECEE777-A2F1-4E92-A609-60AB6F6F24EB}.Debug|Any CPU.Build.0 = Debug|Any CPU
		{FECEE777-A2F1-4E92-A609-60AB6F6F24EB}.Release|Any CPU.ActiveCfg = Release|Any CPU
		{FECEE777-A2F1-4E92-A609-60AB6F6F24EB}.Release|Any CPU.Build.0 = Release|Any CPU
		{5F7FDCFC-671F-4594-8098-3BA1396BE0B0}.Debug|Any CPU.ActiveCfg = Debug|Any CPU
		{5F7FDCFC-671F-4594-8098-3BA1396BE0B0}.Debug|Any CPU.Build.0 = Debug|Any CPU
		{5F7FDCFC-671F-4594-8098-3BA1396BE0B0}.Release|Any CPU.ActiveCfg = Release|Any CPU
		{5F7FDCFC-671F-4594-8098-3BA1396BE0B0}.Release|Any CPU.Build.0 = Release|Any CPU
		{4D56023F-EBD6-4D91-BED7-9018F7E9370A}.Debug|Any CPU.ActiveCfg = Debug|Any CPU
		{4D56023F-EBD6-4D91-BED7-9018F7E9370A}.Debug|Any CPU.Build.0 = Debug|Any CPU
		{4D56023F-EBD6-4D91-BED7-9018F7E9370A}.Release|Any CPU.ActiveCfg = Release|Any CPU
		{4D56023F-EBD6-4D91-BED7-9018F7E9370A}.Release|Any CPU.Build.0 = Release|Any CPU
		{4FC8338E-70A9-4145-926B-9F8486FC7948}.Debug|Any CPU.ActiveCfg = Debug|Any CPU
		{4FC8338E-70A9-4145-926B-9F8486FC7948}.Debug|Any CPU.Build.0 = Debug|Any CPU
		{4FC8338E-70A9-4145-926B-9F8486FC7948}.Release|Any CPU.ActiveCfg = Release|Any CPU
		{4FC8338E-70A9-4145-926B-9F8486FC7948}.Release|Any CPU.Build.0 = Release|Any CPU
		{632C7DA8-B799-4D6F-9506-2C132BB5D10C}.Debug|Any CPU.ActiveCfg = Debug|Any CPU
		{632C7DA8-B799-4D6F-9506-2C132BB5D10C}.Debug|Any CPU.Build.0 = Debug|Any CPU
		{632C7DA8-B799-4D6F-9506-2C132BB5D10C}.Release|Any CPU.ActiveCfg = Release|Any CPU
		{632C7DA8-B799-4D6F-9506-2C132BB5D10C}.Release|Any CPU.Build.0 = Release|Any CPU
	EndGlobalSection
	GlobalSection(NestedProjects) = preSolution
		{2CFC9B25-8392-41A0-AD25-B346D8C26032} = {BD5A689D-9CB2-4B7F-86AC-34199155A249}
		{39BB603F-85FA-4ED7-BD0D-19CC3A108CB6} = {BD5A689D-9CB2-4B7F-86AC-34199155A249}
		{FECEE777-A2F1-4E92-A609-60AB6F6F24EB} = {BD5A689D-9CB2-4B7F-86AC-34199155A249}
		{5F7FDCFC-671F-4594-8098-3BA1396BE0B0} = {BD5A689D-9CB2-4B7F-86AC-34199155A249}
		{4D56023F-EBD6-4D91-BED7-9018F7E9370A} = {6CF5C672-7C7C-465B-8283-D574F7B24D1F}
		{4FC8338E-70A9-4145-926B-9F8486FC7948} = {6CF5C672-7C7C-465B-8283-D574F7B24D1F}
		{632C7DA8-B799-4D6F-9506-2C132BB5D10C} = {6CF5C672-7C7C-465B-8283-D574F7B24D1F}
	EndGlobalSection
EndGlobal
